
Microsoft Visual Studio Solution File, Format Version 12.00
# Visual Studio Version 16
VisualStudioVersion = 16.0.30413.136
MinimumVisualStudioVersion = 10.0.40219.1
Project("{FAE04EC0-301F-11D3-BF4B-00C04F79EFBC}") = "ProyectoIntegrador-AntonioDelgado", "ProyectoIntegrador-AntonioDelgado\ProyectoIntegrador-AntonioDelgado.csproj", "{CE9DB75B-D370-448B-8477-B0DB95A71B0A}"
EndProject
Global
	GlobalSection(SolutionConfigurationPlatforms) = preSolution
		Debug|Any CPU = Debug|Any CPU
		Release|Any CPU = Release|Any CPU
	EndGlobalSection
	GlobalSection(ProjectConfigurationPlatforms) = postSolution
		{CE9DB75B-D370-448B-8477-B0DB95A71B0A}.Debug|Any CPU.ActiveCfg = Debug|Any CPU
		{CE9DB75B-D370-448B-8477-B0DB95A71B0A}.Debug|Any CPU.Build.0 = Debug|Any CPU
		{CE9DB75B-D370-448B-8477-B0DB95A71B0A}.Release|Any CPU.ActiveCfg = Release|Any CPU
		{CE9DB75B-D370-448B-8477-B0DB95A71B0A}.Release|Any CPU.Build.0 = Release|Any CPU
	EndGlobalSection
	GlobalSection(SolutionProperties) = preSolution
		HideSolutionNode = FALSE
	EndGlobalSection
	GlobalSection(ExtensibilityGlobals) = postSolution
		SolutionGuid = {3192B846-4FF1-46E4-B32A-E85A84CD764F}
	EndGlobalSection
EndGlobal
